
Microsoft Visual Studio Solution File, Format Version 12.00
# Visual Studio 15
VisualStudioVersion = 15.0.26228.4
MinimumVisualStudioVersion = 10.0.40219.1
Project("{8BC9CEB8-8B4A-11D0-8D11-00A0C91BC942}") = "Kompex SQLite Wrapper VS2019", "Kompex SQLite Wrapper\Kompex SQLite Wrapper VS2019.vcxproj", "{B3C57121-7B2A-476A-8D10-4D72DFAE8397}"
EndProject
Project("{8BC9CEB8-8B4A-11D0-8D11-00A0C91BC942}") = "Kompex SQLite Example VS2019", "Kompex SQLite Example\Kompex SQLite Example VS2019.vcxproj", "{09D2FF95-252A-4B7D-A172-400271107247}"
EndProject
Global
	GlobalSection(SolutionConfigurationPlatforms) = preSolution
		Debug|Win32 = Debug|Win32
		DebugDynamicLib|Win32 = DebugDynamicLib|Win32
		DebugStaticLib|Win32 = DebugStaticLib|Win32
		Release|Win32 = Release|Win32
		ReleaseDynamicLib|Win32 = ReleaseDynamicLib|Win32
		ReleaseStaticLib|Win32 = ReleaseStaticLib|Win32
	EndGlobalSection
	GlobalSection(ProjectConfigurationPlatforms) = postSolution
		{B3C57121-7B2A-476A-8D10-4D72DFAE8397}.Debug|Win32.ActiveCfg = DebugDynamicLib|Win32
		{B3C57121-7B2A-476A-8D10-4D72DFAE8397}.Debug|Win32.Build.0 = DebugDynamicLib|Win32
		{B3C57121-7B2A-476A-8D10-4D72DFAE8397}.DebugDynamicLib|Win32.ActiveCfg = DebugDynamicLib|Win32
		{B3C57121-7B2A-476A-8D10-4D72DFAE8397}.DebugDynamicLib|Win32.Build.0 = DebugDynamicLib|Win32
		{B3C57121-7B2A-476A-8D10-4D72DFAE8397}.DebugStaticLib|Win32.ActiveCfg = DebugStaticLib|Win32
		{B3C57121-7B2A-476A-8D10-4D72DFAE8397}.DebugStaticLib|Win32.Build.0 = DebugStaticLib|Win32
		{B3C57121-7B2A-476A-8D10-4D72DFAE8397}.Release|Win32.ActiveCfg = ReleaseDynamicLib|Win32
		{B3C57121-7B2A-476A-8D10-4D72DFAE8397}.Release|Win32.Build.0 = ReleaseDynamicLib|Win32
		{B3C57121-7B2A-476A-8D10-4D72DFAE8397}.ReleaseDynamicLib|Win32.ActiveCfg = ReleaseDynamicLib|Win32
		{B3C57121-7B2A-476A-8D10-4D72DFAE8397}.ReleaseDynamicLib|Win32.Build.0 = ReleaseDynamicLib|Win32
		{B3C57121-7B2A-476A-8D10-4D72DFAE8397}.ReleaseStaticLib|Win32.ActiveCfg = ReleaseStaticLib|Win32
		{B3C57121-7B2A-476A-8D10-4D72DFAE8397}.ReleaseStaticLib|Win32.Build.0 = ReleaseStaticLib|Win32
		{09D2FF95-252A-4B7D-A172-400271107247}.Debug|Win32.ActiveCfg = Debug|Win32
		{09D2FF95-252A-4B7D-A172-400271107247}.Debug|Win32.Build.0 = Debug|Win32
		{09D2FF95-252A-4B7D-A172-400271107247}.DebugDynamicLib|Win32.ActiveCfg = Debug|Win32
		{09D2FF95-252A-4B7D-A172-400271107247}.DebugDynamicLib|Win32.Build.0 = Debug|Win32
		{09D2FF95-252A-4B7D-A172-400271107247}.DebugStaticLib|Win32.ActiveCfg = Debug|Win32
		{09D2FF95-252A-4B7D-A172-400271107247}.DebugStaticLib|Win32.Build.0 = Debug|Win32
		{09D2FF95-252A-4B7D-A172-400271107247}.Release|Win32.ActiveCfg = Release|Win32
		{09D2FF95-252A-4B7D-A172-400271107247}.Release|Win32.Build.0 = Release|Win32
		{09D2FF95-252A-4B7D-A172-400271107247}.ReleaseDynamicLib|Win32.ActiveCfg = Release|Win32
		{09D2FF95-252A-4B7D-A172-400271107247}.ReleaseDynamicLib|Win32.Build.0 = Release|Win32
		{09D2FF95-252A-4B7D-A172-400271107247}.ReleaseStaticLib|Win32.ActiveCfg = Release|Win32
		{09D2FF95-252A-4B7D-A172-400271107247}.ReleaseStaticLib|Win32.Build.0 = Release|Win32
	EndGlobalSection
	GlobalSection(SolutionProperties) = preSolution
		HideSolutionNode = FALSE
	EndGlobalSection
EndGlobal
